
Microsoft Visual Studio Solution File, Format Version 12.00
# Visual Studio Version 16
VisualStudioVersion = 16.0.30002.166
MinimumVisualStudioVersion = 10.0.40219.1
Project("{FAE04EC0-301F-11D3-BF4B-00C04F79EFBC}") = "DuyetFileTuXa", "DuyetFileTuXa\DuyetFileTuXa.csproj", "{5B715F36-547B-400D-A946-DB5344F5EFD1}"
EndProject
Global
	GlobalSection(SolutionConfigurationPlatforms) = preSolution
		Debug|Any CPU = Debug|Any CPU
		Release|Any CPU = Release|Any CPU
	EndGlobalSection
	GlobalSection(ProjectConfigurationPlatforms) = postSolution
		{5B715F36-547B-400D-A946-DB5344F5EFD1}.Debug|Any CPU.ActiveCfg = Debug|Any CPU
		{5B715F36-547B-400D-A946-DB5344F5EFD1}.Debug|Any CPU.Build.0 = Debug|Any CPU
		{5B715F36-547B-400D-A946-DB5344F5EFD1}.Release|Any CPU.ActiveCfg = Release|Any CPU
		{5B715F36-547B-400D-A946-DB5344F5EFD1}.Release|Any CPU.Build.0 = Release|Any CPU
	EndGlobalSection
	GlobalSection(SolutionProperties) = preSolution
		HideSolutionNode = FALSE
	EndGlobalSection
	GlobalSection(ExtensibilityGlobals) = postSolution
		SolutionGuid = {AA18F476-4B52-442E-B720-230FF36C37D7}
	EndGlobalSection
EndGlobal
